
Microsoft Visual Studio Solution File, Format Version 12.00
# Visual Studio 15
VisualStudioVersion = 15.0.28307.757
MinimumVisualStudioVersion = 10.0.40219.1
Project("{FAE04EC0-301F-11D3-BF4B-00C04F79EFBC}") = "InverseTorque", "InverseTorque\InverseTorque.csproj", "{4BEA5361-5826-471E-9C75-A02A6CAF2947}"
EndProject
Global
	GlobalSection(SolutionConfigurationPlatforms) = preSolution
		Debug|Any CPU = Debug|Any CPU
		Release|Any CPU = Release|Any CPU
	EndGlobalSection
	GlobalSection(ProjectConfigurationPlatforms) = postSolution
		{4BEA5361-5826-471E-9C75-A02A6CAF2947}.Debug|Any CPU.ActiveCfg = Debug|Any CPU
		{4BEA5361-5826-471E-9C75-A02A6CAF2947}.Debug|Any CPU.Build.0 = Debug|Any CPU
		{4BEA5361-5826-471E-9C75-A02A6CAF2947}.Release|Any CPU.ActiveCfg = Release|Any CPU
		{4BEA5361-5826-471E-9C75-A02A6CAF2947}.Release|Any CPU.Build.0 = Release|Any CPU
	EndGlobalSection
	GlobalSection(SolutionProperties) = preSolution
		HideSolutionNode = FALSE
	EndGlobalSection
	GlobalSection(ExtensibilityGlobals) = postSolution
		SolutionGuid = {831E3015-057D-4F6F-88F9-F676A4F54562}
	EndGlobalSection
EndGlobal
